// !$*UTF8*$!
{
	archiveVersion = 1;
	classes = {
	};
	objectVersion = 46;
	objects = {

/* Begin PBXBuildFile section */
		4262FEFF19CCF9D400DE7DB1 /* Foundation.framework in Frameworks */ = {isa = PBXBuildFile; fileRef = 4262FEFE19CCF9D400DE7DB1 /* Foundation.framework */; };
		4262FF0119CCF9D400DE7DB1 /* CoreGraphics.framework in Frameworks */ = {isa = PBXBuildFile; fileRef = 4262FF0019CCF9D400DE7DB1 /* CoreGraphics.framework */; };
		4262FF0319CCF9D400DE7DB1 /* UIKit.framework in Frameworks */ = {isa = PBXBuildFile; fileRef = 4262FF0219CCF9D400DE7DB1 /* UIKit.framework */; };
		4262FF0919CCF9D400DE7DB1 /* InfoPlist.strings in Resources */ = {isa = PBXBuildFile; fileRef = 4262FF0719CCF9D400DE7DB1 /* InfoPlist.strings */; };
		4262FF0B19CCF9D400DE7DB1 /* main.m in Sources */ = {isa = PBXBuildFile; fileRef = 4262FF0A19CCF9D400DE7DB1 /* main.m */; };
		4262FF0F19CCF9D500DE7DB1 /* BillBoardAppDelegate.m in Sources */ = {isa = PBXBuildFile; fileRef = 4262FF0E19CCF9D500DE7DB1 /* BillBoardAppDelegate.m */; };
		4262FF1219CCF9D500DE7DB1 /* Main.storyboard in Resources */ = {isa = PBXBuildFile; fileRef = 4262FF1019CCF9D500DE7DB1 /* Main.storyboard */; };
		4262FF1519CCF9D500DE7DB1 /* BillBoardViewController.m in Sources */ = {isa = PBXBuildFile; fileRef = 4262FF1419CCF9D500DE7DB1 /* BillBoardViewController.m */; };
		4262FF1719CCF9D500DE7DB1 /* Images.xcassets in Resources */ = {isa = PBXBuildFile; fileRef = 4262FF1619CCF9D500DE7DB1 /* Images.xcassets */; };
		4262FF1E19CCF9D500DE7DB1 /* XCTest.framework in Frameworks */ = {isa = PBXBuildFile; fileRef = 4262FF1D19CCF9D500DE7DB1 /* XCTest.framework */; };
		4262FF1F19CCF9D500DE7DB1 /* Foundation.framework in Frameworks */ = {isa = PBXBuildFile; fileRef = 4262FEFE19CCF9D400DE7DB1 /* Foundation.framework */; };
		4262FF2019CCF9D500DE7DB1 /* UIKit.framework in Frameworks */ = {isa = PBXBuildFile; fileRef = 4262FF0219CCF9D400DE7DB1 /* UIKit.framework */; };
		4262FF2819CCF9D500DE7DB1 /* InfoPlist.strings in Resources */ = {isa = PBXBuildFile; fileRef = 4262FF2619CCF9D500DE7DB1 /* InfoPlist.strings */; };
		4262FF2A19CCF9D500DE7DB1 /* BillBoardTests.m in Sources */ = {isa = PBXBuildFile; fileRef = 4262FF2919CCF9D500DE7DB1 /* BillBoardTests.m */; };
/* End PBXBuildFile section */

/* Begin PBXContainerItemProxy section */
		4262FF2119CCF9D500DE7DB1 /* PBXContainerItemProxy */ = {
			isa = PBXContainerItemProxy;
			containerPortal = 4262FEF319CCF9D400DE7DB1 /* Project object */;
			proxyType = 1;
			remoteGlobalIDString = 4262FEFA19CCF9D400DE7DB1;
			remoteInfo = BillBoard;
		};
/* End PBXContainerItemProxy section */

/* Begin PBXFileReference section */
		4262FEFB19CCF9D400DE7DB1 /* BillBoard.app */ = {isa = PBXFileReference; explicitFileType = wrapper.application; includeInIndex = 0; path = BillBoard.app; sourceTree = BUILT_PRODUCTS_DIR; };
		4262FEFE19CCF9D400DE7DB1 /* Foundation.framework */ = {isa = PBXFileReference; lastKnownFileType = wrapper.framework; name = Foundation.framework; path = System/Library/Frameworks/Foundation.framework; sourceTree = SDKROOT; };
		4262FF0019CCF9D400DE7DB1 /* CoreGraphics.framework */ = {isa = PBXFileReference; lastKnownFileType = wrapper.framework; name = CoreGraphics.framework; path = System/Library/Frameworks/CoreGraphics.framework; sourceTree = SDKROOT; };
		4262FF0219CCF9D400DE7DB1 /* UIKit.framework */ = {isa = PBXFileReference; lastKnownFileType = wrapper.framework; name = UIKit.framework; path = System/Library/Frameworks/UIKit.framework; sourceTree = SDKROOT; };
		4262FF0619CCF9D400DE7DB1 /* BillBoard-Info.plist */ = {isa = PBXFileReference; lastKnownFileType = text.plist.xml; path = "BillBoard-Info.plist"; sourceTree = "<group>"; };
		4262FF0819CCF9D400DE7DB1 /* en */ = {isa = PBXFileReference; lastKnownFileType = text.plist.strings; name = en; path = en.lproj/InfoPlist.strings; sourceTree = "<group>"; };
		4262FF0A19CCF9D400DE7DB1 /* main.m */ = {isa = PBXFileReference; lastKnownFileType = sourcecode.c.objc; path = main.m; sourceTree = "<group>"; };
		4262FF0C19CCF9D400DE7DB1 /* BillBoard-Prefix.pch */ = {isa = PBXFileReference; lastKnownFileType = sourcecode.c.h; path = "BillBoard-Prefix.pch"; sourceTree = "<group>"; };
		4262FF0D19CCF9D400DE7DB1 /* BillBoardAppDelegate.h */ = {isa = PBXFileReference; lastKnownFileType = sourcecode.c.h; path = BillBoardAppDelegate.h; sourceTree = "<group>"; };
		4262FF0E19CCF9D500DE7DB1 /* BillBoardAppDelegate.m */ = {isa = PBXFileReference; lastKnownFileType = sourcecode.c.objc; path = BillBoardAppDelegate.m; sourceTree = "<group>"; };
		4262FF1119CCF9D500DE7DB1 /* Base */ = {isa = PBXFileReference; lastKnownFileType = file.storyboard; name = Base; path = Base.lproj/Main.storyboard; sourceTree = "<group>"; };
		4262FF1319CCF9D500DE7DB1 /* BillBoardViewController.h */ = {isa = PBXFileReference; lastKnownFileType = sourcecode.c.h; path = BillBoardViewController.h; sourceTree = "<group>"; };
		4262FF1419CCF9D500DE7DB1 /* BillBoardViewController.m */ = {isa = PBXFileReference; lastKnownFileType = sourcecode.c.objc; path = BillBoardViewController.m; sourceTree = "<group>"; };
		4262FF1619CCF9D500DE7DB1 /* Images.xcassets */ = {isa = PBXFileReference; lastKnownFileType = folder.assetcatalog; path = Images.xcassets; sourceTree = "<group>"; };
		4262FF1C19CCF9D500DE7DB1 /* BillBoardTests.xctest */ = {isa = PBXFileReference; explicitFileType = wrapper.cfbundle; includeInIndex = 0; path = BillBoardTests.xctest; sourceTree = BUILT_PRODUCTS_DIR; };
		4262FF1D19CCF9D500DE7DB1 /* XCTest.framework */ = {isa = PBXFileReference; lastKnownFileType = wrapper.framework; name = XCTest.framework; path = Library/Frameworks/XCTest.framework; sourceTree = DEVELOPER_DIR; };
		4262FF2519CCF9D500DE7DB1 /* BillBoardTests-Info.plist */ = {isa = PBXFileReference; lastKnownFileType = text.plist.xml; path = "BillBoardTests-Info.plist"; sourceTree = "<group>"; };
		4262FF2719CCF9D500DE7DB1 /* en */ = {isa = PBXFileReference; lastKnownFileType = text.plist.strings; name = en; path = en.lproj/InfoPlist.strings; sourceTree = "<group>"; };
		4262FF2919CCF9D500DE7DB1 /* BillBoardTests.m */ = {isa = PBXFileReference; lastKnownFileType = sourcecode.c.objc; path = BillBoardTests.m; sourceTree = "<group>"; };
/* End PBXFileReference section */

/* Begin PBXFrameworksBuildPhase section */
		4262FEF819CCF9D400DE7DB1 /* Frameworks */ = {
			isa = PBXFrameworksBuildPhase;
			buildActionMask = 2147483647;
			files = (
				4262FF0119CCF9D400DE7DB1 /* CoreGraphics.framework in Frameworks */,
				4262FF0319CCF9D400DE7DB1 /* UIKit.framework in Frameworks */,
				4262FEFF19CCF9D400DE7DB1 /* Foundation.framework in Frameworks */,
			);
			runOnlyForDeploymentPostprocessing = 0;
		};
		4262FF1919CCF9D500DE7DB1 /* Frameworks */ = {
			isa = PBXFrameworksBuildPhase;
			buildActionMask = 2147483647;
			files = (
				4262FF1E19CCF9D500DE7DB1 /* XCTest.framework in Frameworks */,
				4262FF2019CCF9D500DE7DB1 /* UIKit.framework in Frameworks */,
				4262FF1F19CCF9D500DE7DB1 /* Foundation.framework in Frameworks */,
			);
			runOnlyForDeploymentPostprocessing = 0;
		};
/* End PBXFrameworksBuildPhase section */

/* Begin PBXGroup section */
		4262FEF219CCF9D400DE7DB1 = {
			isa = PBXGroup;
			children = (
				4262FF0419CCF9D400DE7DB1 /* BillBoard */,
				4262FF2319CCF9D500DE7DB1 /* BillBoardTests */,
				4262FEFD19CCF9D400DE7DB1 /* Frameworks */,
				4262FEFC19CCF9D400DE7DB1 /* Products */,
			);
			sourceTree = "<group>";
		};
		4262FEFC19CCF9D400DE7DB1 /* Products */ = {
			isa = PBXGroup;
			children = (
				4262FEFB19CCF9D400DE7DB1 /* BillBoard.app */,
				4262FF1C19CCF9D500DE7DB1 /* BillBoardTests.xctest */,
			);
			name = Products;
			sourceTree = "<group>";
		};
		4262FEFD19CCF9D400DE7DB1 /* Frameworks */ = {
			isa = PBXGroup;
			children = (
				4262FEFE19CCF9D400DE7DB1 /* Foundation.framework */,
				4262FF0019CCF9D400DE7DB1 /* CoreGraphics.framework */,
				4262FF0219CCF9D400DE7DB1 /* UIKit.framework */,
				4262FF1D19CCF9D500DE7DB1 /* XCTest.framework */,
			);
			name = Frameworks;
			sourceTree = "<group>";
		};
		4262FF0419CCF9D400DE7DB1 /* BillBoard */ = {
			isa = PBXGroup;
			children = (
				4262FF0D19CCF9D400DE7DB1 /* BillBoardAppDelegate.h */,
				4262FF0E19CCF9D500DE7DB1 /* BillBoardAppDelegate.m */,
				4262FF1019CCF9D500DE7DB1 /* Main.storyboard */,
				4262FF1319CCF9D500DE7DB1 /* BillBoardViewController.h */,
				4262FF1419CCF9D500DE7DB1 /* BillBoardViewController.m */,
				4262FF1619CCF9D500DE7DB1 /* Images.xcassets */,
				4262FF0519CCF9D400DE7DB1 /* Supporting Files */,
			);
			path = BillBoard;
			sourceTree = "<group>";
		};
		4262FF0519CCF9D400DE7DB1 /* Supporting Files */ = {
			isa = PBXGroup;
			children = (
				4262FF0619CCF9D400DE7DB1 /* BillBoard-Info.plist */,
				4262FF0719CCF9D400DE7DB1 /* InfoPlist.strings */,
				4262FF0A19CCF9D400DE7DB1 /* main.m */,
				4262FF0C19CCF9D400DE7DB1 /* BillBoard-Prefix.pch */,
			);
			name = "Supporting Files";
			sourceTree = "<group>";
		};
		4262FF2319CCF9D500DE7DB1 /* BillBoardTests */ = {
			isa = PBXGroup;
			children = (
				4262FF2919CCF9D500DE7DB1 /* BillBoardTests.m */,
				4262FF2419CCF9D500DE7DB1 /* Supporting Files */,
			);
			path = BillBoardTests;
			sourceTree = "<group>";
		};
		4262FF2419CCF9D500DE7DB1 /* Supporting Files */ = {
			isa = PBXGroup;
			children = (
				4262FF2519CCF9D500DE7DB1 /* BillBoardTests-Info.plist */,
				4262FF2619CCF9D500DE7DB1 /* InfoPlist.strings */,
			);
			name = "Supporting Files";
			sourceTree = "<group>";
		};
/* End PBXGroup section */

/* Begin PBXNativeTarget section */
		4262FEFA19CCF9D400DE7DB1 /* BillBoard */ = {
			isa = PBXNativeTarget;
			buildConfigurationList = 4262FF2D19CCF9D500DE7DB1 /* Build configuration list for PBXNativeTarget "BillBoard" */;
			buildPhases = (
				4262FEF719CCF9D400DE7DB1 /* Sources */,
				4262FEF819CCF9D400DE7DB1 /* Frameworks */,
				4262FEF919CCF9D400DE7DB1 /* Resources */,
			);
			buildRules = (
			);
			dependencies = (
			);
			name = BillBoard;
			productName = BillBoard;
			productReference = 4262FEFB19CCF9D400DE7DB1 /* BillBoard.app */;
			productType = "com.apple.product-type.application";
		};
		4262FF1B19CCF9D500DE7DB1 /* BillBoardTests */ = {
			isa = PBXNativeTarget;
			buildConfigurationList = 4262FF3019CCF9D500DE7DB1 /* Build configuration list for PBXNativeTarget "BillBoardTests" */;
			buildPhases = (
				4262FF1819CCF9D500DE7DB1 /* Sources */,
				4262FF1919CCF9D500DE7DB1 /* Frameworks */,
				4262FF1A19CCF9D500DE7DB1 /* Resources */,
			);
			buildRules = (
			);
			dependencies = (
				4262FF2219CCF9D500DE7DB1 /* PBXTargetDependency */,
			);
			name = BillBoardTests;
			productName = BillBoardTests;
			productReference = 4262FF1C19CCF9D500DE7DB1 /* BillBoardTests.xctest */;
			productType = "com.apple.product-type.bundle.unit-test";
		};
/* End PBXNativeTarget section */

/* Begin PBXProject section */
		4262FEF319CCF9D400DE7DB1 /* Project object */ = {
			isa = PBXProject;
			attributes = {
				CLASSPREFIX = BillBoard;
				LastUpgradeCheck = 0510;
				ORGANIZATIONNAME = "Kedan Li";
				TargetAttributes = {
					4262FF1B19CCF9D500DE7DB1 = {
						TestTargetID = 4262FEFA19CCF9D400DE7DB1;
					};
				};
			};
			buildConfigurationList = 4262FEF619CCF9D400DE7DB1 /* Build configuration list for PBXProject "BillBoard" */;
			compatibilityVersion = "Xcode 3.2";
			developmentRegion = English;
			hasScannedForEncodings = 0;
			knownRegions = (
				en,
				Base,
			);
			mainGroup = 4262FEF219CCF9D400DE7DB1;
			productRefGroup = 4262FEFC19CCF9D400DE7DB1 /* Products */;
			projectDirPath = "";
			projectRoot = "";
			targets = (
				4262FEFA19CCF9D400DE7DB1 /* BillBoard */,
				4262FF1B19CCF9D500DE7DB1 /* BillBoardTests */,
			);
		};
/* End PBXProject section */

/* Begin PBXResourcesBuildPhase section */
		4262FEF919CCF9D400DE7DB1 /* Resources */ = {
			isa = PBXResourcesBuildPhase;
			buildActionMask = 2147483647;
			files = (
				4262FF1719CCF9D500DE7DB1 /* Images.xcassets in Resources */,
				4262FF0919CCF9D400DE7DB1 /* InfoPlist.strings in Resources */,
				4262FF1219CCF9D500DE7DB1 /* Main.storyboard in Resources */,
			);
			runOnlyForDeploymentPostprocessing = 0;
		};
		4262FF1A19CCF9D500DE7DB1 /* Resources */ = {
			isa = PBXResourcesBuildPhase;
			buildActionMask = 2147483647;
			files = (
				4262FF2819CCF9D500DE7DB1 /* InfoPlist.strings in Resources */,
			);
			runOnlyForDeploymentPostprocessing = 0;
		};
/* End PBXResourcesBuildPhase section */

/* Begin PBXSourcesBuildPhase section */
		4262FEF719CCF9D400DE7DB1 /* Sources */ = {
			isa = PBXSourcesBuildPhase;
			buildActionMask = 2147483647;
			files = (
				4262FF0F19CCF9D500DE7DB1 /* BillBoardAppDelegate.m in Sources */,
				4262FF0B19CCF9D400DE7DB1 /* main.m in Sources */,
				4262FF1519CCF9D500DE7DB1 /* BillBoardViewController.m in Sources */,
			);
			runOnlyForDeploymentPostprocessing = 0;
		};
		4262FF1819CCF9D500DE7DB1 /* Sources */ = {
			isa = PBXSourcesBuildPhase;
			buildActionMask = 2147483647;
			files = (
				4262FF2A19CCF9D500DE7DB1 /* BillBoardTests.m in Sources */,
			);
			runOnlyForDeploymentPostprocessing = 0;
		};
/* End PBXSourcesBuildPhase section */

/* Begin PBXTargetDependency section */
		4262FF2219CCF9D500DE7DB1 /* PBXTargetDependency */ = {
			isa = PBXTargetDependency;
			target = 4262FEFA19CCF9D400DE7DB1 /* BillBoard */;
			targetProxy = 4262FF2119CCF9D500DE7DB1 /* PBXContainerItemProxy */;
		};
/* End PBXTargetDependency section */

/* Begin PBXVariantGroup section */
		4262FF0719CCF9D400DE7DB1 /* InfoPlist.strings */ = {
			isa = PBXVariantGroup;
			children = (
				4262FF0819CCF9D400DE7DB1 /* en */,
			);
			name = InfoPlist.strings;
			sourceTree = "<group>";
		};
		4262FF1019CCF9D500DE7DB1 /* Main.storyboard */ = {
			isa = PBXVariantGroup;
			children = (
				4262FF1119CCF9D500DE7DB1 /* Base */,
			);
			name = Main.storyboard;
			sourceTree = "<group>";
		};
		4262FF2619CCF9D500DE7DB1 /* InfoPlist.strings */ = {
			isa = PBXVariantGroup;
			children = (
				4262FF2719CCF9D500DE7DB1 /* en */,
			);
			name = InfoPlist.strings;
			sourceTree = "<group>";
		};
/* End PBXVariantGroup section */

/* Begin XCBuildConfiguration section */
		4262FF2B19CCF9D500DE7DB1 /* Debug */ = {
			isa = XCBuildConfiguration;
			buildSettings = {
				ALWAYS_SEARCH_USER_PATHS = NO;
				CLANG_CXX_LANGUAGE_STANDARD = "gnu++0x";
				CLANG_CXX_LIBRARY = "libc++";
				CLANG_ENABLE_MODULES = YES;
				CLANG_ENABLE_OBJC_ARC = YES;
				CLANG_WARN_BOOL_CONVERSION = YES;
				CLANG_WARN_CONSTANT_CONVERSION = YES;
				CLANG_WARN_DIRECT_OBJC_ISA_USAGE = YES_ERROR;
				CLANG_WARN_EMPTY_BODY = YES;
				CLANG_WARN_ENUM_CONVERSION = YES;
				CLANG_WARN_INT_CONVERSION = YES;
				CLANG_WARN_OBJC_ROOT_CLASS = YES_ERROR;
				CLANG_WARN__DUPLICATE_METHOD_MATCH = YES;
				"CODE_SIGN_IDENTITY[sdk=iphoneos*]" = "iPhone Developer";
				COPY_PHASE_STRIP = NO;
				GCC_C_LANGUAGE_STANDARD = gnu99;
				GCC_DYNAMIC_NO_PIC = NO;
				GCC_OPTIMIZATION_LEVEL = 0;
				GCC_PREPROCESSOR_DEFINITIONS = (
					"DEBUG=1",
					"$(inherited)",
				);
				GCC_SYMBOLS_PRIVATE_EXTERN = NO;
				GCC_WARN_64_TO_32_BIT_CONVERSION = YES;
				GCC_WARN_ABOUT_RETURN_TYPE = YES_ERROR;
				GCC_WARN_UNDECLARED_SELECTOR = YES;
				GCC_WARN_UNINITIALIZED_AUTOS = YES_AGGRESSIVE;
				GCC_WARN_UNUSED_FUNCTION = YES;
				GCC_WARN_UNUSED_VARIABLE = YES;
				IPHONEOS_DEPLOYMENT_TARGET = 7.1;
				ONLY_ACTIVE_ARCH = YES;
				SDKROOT = iphoneos;
			};
			name = Debug;
		};
		4262FF2C19CCF9D500DE7DB1 /* Release */ = {
			isa = XCBuildConfiguration;
			buildSettings = {
				ALWAYS_SEARCH_USER_PATHS = NO;
				CLANG_CXX_LANGUAGE_STANDARD = "gnu++0x";
				CLANG_CXX_LIBRARY = "libc++";
				CLANG_ENABLE_MODULES = YES;
				CLANG_ENABLE_OBJC_ARC = YES;
				CLANG_WARN_BOOL_CONVERSION = YES;
				CLANG_WARN_CONSTANT_CONVERSION = YES;
				CLANG_WARN_DIRECT_OBJC_ISA_USAGE = YES_ERROR;
				CLANG_WARN_EMPTY_BODY = YES;
				CLANG_WARN_ENUM_CONVERSION = YES;
				CLANG_WARN_INT_CONVERSION = YES;
				CLANG_WARN_OBJC_ROOT_CLASS = YES_ERROR;
				CLANG_WARN__DUPLICATE_METHOD_MATCH = YES;
				"CODE_SIGN_IDENTITY[sdk=iphoneos*]" = "iPhone Developer";
				COPY_PHASE_STRIP = YES;
				ENABLE_NS_ASSERTIONS = NO;
				GCC_C_LANGUAGE_STANDARD = gnu99;
				GCC_WARN_64_TO_32_BIT_CONVERSION = YES;
				GCC_WARN_ABOUT_RETURN_TYPE = YES_ERROR;
				GCC_WARN_UNDECLARED_SELECTOR = YES;
				GCC_WARN_UNINITIALIZED_AUTOS = YES_AGGRESSIVE;
				GCC_WARN_UNUSED_FUNCTION = YES;
				GCC_WARN_UNUSED_VARIABLE = YES;
				IPHONEOS_DEPLOYMENT_TARGET = 7.1;
				SDKROOT = iphoneos;
				VALIDATE_PRODUCT = YES;
			};
			name = Release;
		};
		4262FF2E19CCF9D500DE7DB1 /* Debug */ = {
			isa = XCBuildConfiguration;
			buildSettings = {
				ASSETCATALOG_COMPILER_APPICON_NAME = AppIcon;
				ASSETCATALOG_COMPILER_LAUNCHIMAGE_NAME = LaunchImage;
				GCC_PRECOMPILE_PREFIX_HEADER = YES;
				GCC_PREFIX_HEADER = "BillBoard/BillBoard-Prefix.pch";
				INFOPLIST_FILE = "BillBoard/BillBoard-Info.plist";
				PRODUCT_NAME = "$(TARGET_NAME)";
				WRAPPER_EXTENSION = app;
			};
			name = Debug;
		};
		4262FF2F19CCF9D500DE7DB1 /* Release */ = {
			isa = XCBuildConfiguration;
			buildSettings = {
				ASSETCATALOG_COMPILER_APPICON_NAME = AppIcon;
				ASSETCATALOG_COMPILER_LAUNCHIMAGE_NAME = LaunchImage;
				GCC_PRECOMPILE_PREFIX_HEADER = YES;
				GCC_PREFIX_HEADER = "BillBoard/BillBoard-Prefix.pch";
				INFOPLIST_FILE = "BillBoard/BillBoard-Info.plist";
				PRODUCT_NAME = "$(TARGET_NAME)";
				WRAPPER_EXTENSION = app;
			};
			name = Release;
		};
		4262FF3119CCF9D500DE7DB1 /* Debug */ = {
			isa = XCBuildConfiguration;
			buildSettings = {
				BUNDLE_LOADER = "$(BUILT_PRODUCTS_DIR)/BillBoard.app/BillBoard";
				FRAMEWORK_SEARCH_PATHS = (
					"$(SDKROOT)/Developer/Library/Frameworks",
					"$(inherited)",
					"$(DEVELOPER_FRAMEWORKS_DIR)",
				);
				GCC_PRECOMPILE_PREFIX_HEADER = YES;
				GCC_PREFIX_HEADER = "BillBoard/BillBoard-Prefix.pch";
				GCC_PREPROCESSOR_DEFINITIONS = (
					"DEBUG=1",
					"$(inherited)",
				);
				INFOPLIST_FILE = "BillBoardTests/BillBoardTests-Info.plist";
				PRODUCT_NAME = "$(TARGET_NAME)";
				TEST_HOST = "$(BUNDLE_LOADER)";
				WRAPPER_EXTENSION = xctest;
			};
			name = Debug;
		};
		4262FF3219CCF9D500DE7DB1 /* Release */ = {
			isa = XCBuildConfiguration;
			buildSettings = {
				BUNDLE_LOADER = "$(BUILT_PRODUCTS_DIR)/BillBoard.app/BillBoard";
				FRAMEWORK_SEARCH_PATHS = (
					"$(SDKROOT)/Developer/Library/Frameworks",
					"$(inherited)",
					"$(DEVELOPER_FRAMEWORKS_DIR)",
				);
				GCC_PRECOMPILE_PREFIX_HEADER = YES;
				GCC_PREFIX_HEADER = "BillBoard/BillBoard-Prefix.pch";
				INFOPLIST_FILE = "BillBoardTests/BillBoardTests-Info.plist";
				PRODUCT_NAME = "$(TARGET_NAME)";
				TEST_HOST = "$(BUNDLE_LOADER)";
				WRAPPER_EXTENSION = xctest;
			};
			name = Release;
		};
/* End XCBuildConfiguration section */

/* Begin XCConfigurationList section */
		4262FEF619CCF9D400DE7DB1 /* Build configuration list for PBXProject "BillBoard" */ = {
			isa = XCConfigurationList;
			buildConfigurations = (
				4262FF2B19CCF9D500DE7DB1 /* Debug */,
				4262FF2C19CCF9D500DE7DB1 /* Release */,
			);
			defaultConfigurationIsVisible = 0;
			defaultConfigurationName = Release;
		};
		4262FF2D19CCF9D500DE7DB1 /* Build configuration list for PBXNativeTarget "BillBoard" */ = {
			isa = XCConfigurationList;
			buildConfigurations = (
				4262FF2E19CCF9D500DE7DB1 /* Debug */,
				4262FF2F19CCF9D500DE7DB1 /* Release */,
			);
			defaultConfigurationIsVisible = 0;
		};
		4262FF3019CCF9D500DE7DB1 /* Build configuration list for PBXNativeTarget "BillBoardTests" */ = {
			isa = XCConfigurationList;
			buildConfigurations = (
				4262FF3119CCF9D500DE7DB1 /* Debug */,
				4262FF3219CCF9D500DE7DB1 /* Release */,
			);
			defaultConfigurationIsVisible = 0;
		};
/* End XCConfigurationList section */
	};
	rootObject = 4262FEF319CCF9D400DE7DB1 /* Project object */;
}
